dependencies:
- name: kafka
  repository: https://charts.bitnami.com/bitnami
  version: 14.2.5
- name: prometheus
  repository: https://prometheus-community.github.io/helm-charts
  version: 14.11.0
- name: grafana
  repository: https://charts.bitnami.com/bitnami
  version: 7.0.6
- name: edge-service
  repository: file://../edge-service
  version: 0.1.0
- name: friend-service
  repository: file://../friend-service
  version: 0.2.0
- name: recommendation-service
  repository: file://../recommendation-service
  version: 0.1.0
- name: user-service
  repository: file://../user-service
  version: 0.2.0
digest: sha256:13f3cbb8368c431dd983ea55769a8f81ba747c5206588be15fa7b63b50ca76ac
generated: "2021-11-01T00:08:33.972457437+03:00"
