dependencies:
- name: kafka
  repository: https://charts.helm.sh/incubator
  version: 0.13.3
- name: prometheus
  repository: https://charts.helm.sh/stable
  version: 8.3.0
- name: grafana
  repository: https://charts.helm.sh/stable
  version: 1.21.2
- name: edge-service
  repository: file://../edge-service
  version: 0.1.0
- name: friend-service
  repository: file://../friend-service
  version: 0.2.0
- name: recommendation-service
  repository: file://../recommendation-service
  version: 0.1.0
- name: user-service
  repository: file://../user-service
  version: 0.2.0
digest: sha256:f928db7a054527c3127e49319532ab13dd0a1a648a3809c7e2aa21a21b319592
generated: "2021-10-29T00:59:25.11045169+03:00"
